
Microsoft Visual Studio Solution File, Format Version 12.00
# Visual Studio Version 17
VisualStudioVersion = 17.1.32228.430
MinimumVisualStudioVersion = 10.0.40219.1
Project("{FAE04EC0-301F-11D3-BF4B-00C04F79EFBC}") = "Discover_Tesla", "Discover_Tesla\Discover_Tesla.csproj", "{628C33A6-6967-40C5-9702-8E69F9A1579E}"
EndProject
Global
	GlobalSection(SolutionConfigurationPlatforms) = preSolution
		Debug|Any CPU = Debug|Any CPU
		Release|Any CPU = Release|Any CPU
	EndGlobalSection
	GlobalSection(ProjectConfigurationPlatforms) = postSolution
		{628C33A6-6967-40C5-9702-8E69F9A1579E}.Debug|Any CPU.ActiveCfg = Debug|Any CPU
		{628C33A6-6967-40C5-9702-8E69F9A1579E}.Debug|Any CPU.Build.0 = Debug|Any CPU
		{628C33A6-6967-40C5-9702-8E69F9A1579E}.Release|Any CPU.ActiveCfg = Release|Any CPU
		{628C33A6-6967-40C5-9702-8E69F9A1579E}.Release|Any CPU.Build.0 = Release|Any CPU
	EndGlobalSection
	GlobalSection(SolutionProperties) = preSolution
		HideSolutionNode = FALSE
	EndGlobalSection
	GlobalSection(ExtensibilityGlobals) = postSolution
		SolutionGuid = {56B6D55A-F8A6-4D32-99DC-9DEEF61AD265}
	EndGlobalSection
EndGlobal
